
Microsoft Visual Studio Solution File, Format Version 12.00
# Visual Studio Version 17
VisualStudioVersion = 17.8.34330.188
MinimumVisualStudioVersion = 10.0.40219.1
Project("{2150E333-8FDC-42A3-9474-1A3956D46DE8}") = "FrontEnd", "FrontEnd", "{BC1B1934-12A2-41FC-814C-82F39362ADF3}"
EndProject
Project("{2150E333-8FDC-42A3-9474-1A3956D46DE8}") = "Gateway", "Gateway", "{C5193346-BD1C-47FE-A800-D9FFE4E254A6}"
EndProject
Project("{2150E333-8FDC-42A3-9474-1A3956D46DE8}") = "Integration", "Integration", "{B45E47A6-6B86-4710-9542-CC9065BFFB80}"
EndProject
Project("{2150E333-8FDC-42A3-9474-1A3956D46DE8}") = "Services", "Services", "{A5AACC96-DF10-43C7-B712-7EE556B55990}"
EndProject
Project("{9A19103F-16F7-4668-BE54-9A1E7A4F7556}") = "Mango.Services.CouponApi", "Mango.Services.CouponApi\Mango.Services.CouponApi.csproj", "{13357597-8CA4-4A74-86A7-FE524A585481}"
EndProject
Project("{9A19103F-16F7-4668-BE54-9A1E7A4F7556}") = "Mango.Web", "Mango.Web\Mango.Web.csproj", "{97C255C9-5D1C-410D-B3BD-38A91918AA73}"
EndProject
Project("{9A19103F-16F7-4668-BE54-9A1E7A4F7556}") = "Mango.Services.AuthApi", "Mango.Services.AuthApi\Mango.Services.AuthApi.csproj", "{531F5E05-DE69-4F86-90C4-EC047604F905}"
EndProject
Project("{9A19103F-16F7-4668-BE54-9A1E7A4F7556}") = "Mango.Services.ProductApi", "Mango.Services.ProductApi\Mango.Services.ProductApi.csproj", "{B6BFEA27-57DA-482C-9122-F483D2B2A5C6}"
EndProject
Project("{9A19103F-16F7-4668-BE54-9A1E7A4F7556}") = "Mango.Services.ShoppingCartApi", "Mango.Services.ShoppingCartApi\Mango.Services.ShoppingCartApi.csproj", "{145DFE2F-1B9E-4AC7-9C81-B5523D696C64}"
EndProject
Project("{9A19103F-16F7-4668-BE54-9A1E7A4F7556}") = "Mango.MessageBus", "Mango.MessageBus\Mango.MessageBus.csproj", "{0377848A-B946-4AAA-A16D-9A105FA143DD}"
EndProject
Project("{9A19103F-16F7-4668-BE54-9A1E7A4F7556}") = "Mango.Services.EmailApi", "Mango.Services.EmailApi\Mango.Services.EmailApi.csproj", "{8DF91B1F-5408-409C-9CA8-C5E224E08EF7}"
EndProject
Project("{9A19103F-16F7-4668-BE54-9A1E7A4F7556}") = "Mango.Services.OrderApi", "Mango.Services.OrderApi\Mango.Services.OrderApi.csproj", "{088D12F0-8861-47A3-AE6B-9DE40E966E84}"
EndProject
Project("{9A19103F-16F7-4668-BE54-9A1E7A4F7556}") = "Mango.Services.RewardApi", "Mango.Services.RewardApi\Mango.Services.RewardApi.csproj", "{5FBA18FC-DEDC-4F64-BF6B-35A27E95D8FB}"
EndProject
Project("{9A19103F-16F7-4668-BE54-9A1E7A4F7556}") = "Mango.DB", "Mango.DB\Mango.DB.csproj", "{F5DA0E26-F0BA-468B-BE68-656B0B80BE89}"
EndProject
Project("{2150E333-8FDC-42A3-9474-1A3956D46DE8}") = "Data", "Data", "{CB034FAE-580F-4278-AE37-CAE03A3D8331}"
EndProject
Project("{FAE04EC0-301F-11D3-BF4B-00C04F79EFBC}") = "Mango.Gateway.Solution", "Mango.Gateway.Solution\Mango.Gateway.Solution.csproj", "{107621F4-EA47-451B-B2B0-9A7B90376044}"
EndProject
Global
	GlobalSection(SolutionConfigurationPlatforms) = preSolution
		Debug|Any CPU = Debug|Any CPU
		Release|Any CPU = Release|Any CPU
	EndGlobalSection
	GlobalSection(ProjectConfigurationPlatforms) = postSolution
		{13357597-8CA4-4A74-86A7-FE524A585481}.Debug|Any CPU.ActiveCfg = Debug|Any CPU
		{13357597-8CA4-4A74-86A7-FE524A585481}.Debug|Any CPU.Build.0 = Debug|Any CPU
		{13357597-8CA4-4A74-86A7-FE524A585481}.Release|Any CPU.ActiveCfg = Release|Any CPU
		{13357597-8CA4-4A74-86A7-FE524A585481}.Release|Any CPU.Build.0 = Release|Any CPU
		{97C255C9-5D1C-410D-B3BD-38A91918AA73}.Debug|Any CPU.ActiveCfg = Debug|Any CPU
		{97C255C9-5D1C-410D-B3BD-38A91918AA73}.Debug|Any CPU.Build.0 = Debug|Any CPU
		{97C255C9-5D1C-410D-B3BD-38A91918AA73}.Release|Any CPU.ActiveCfg = Release|Any CPU
		{97C255C9-5D1C-410D-B3BD-38A91918AA73}.Release|Any CPU.Build.0 = Release|Any CPU
		{531F5E05-DE69-4F86-90C4-EC047604F905}.Debug|Any CPU.ActiveCfg = Debug|Any CPU
		{531F5E05-DE69-4F86-90C4-EC047604F905}.Debug|Any CPU.Build.0 = Debug|Any CPU
		{531F5E05-DE69-4F86-90C4-EC047604F905}.Release|Any CPU.ActiveCfg = Release|Any CPU
		{531F5E05-DE69-4F86-90C4-EC047604F905}.Release|Any CPU.Build.0 = Release|Any CPU
		{B6BFEA27-57DA-482C-9122-F483D2B2A5C6}.Debug|Any CPU.ActiveCfg = Debug|Any CPU
		{B6BFEA27-57DA-482C-9122-F483D2B2A5C6}.Debug|Any CPU.Build.0 = Debug|Any CPU
		{B6BFEA27-57DA-482C-9122-F483D2B2A5C6}.Release|Any CPU.ActiveCfg = Release|Any CPU
		{B6BFEA27-57DA-482C-9122-F483D2B2A5C6}.Release|Any CPU.Build.0 = Release|Any CPU
		{145DFE2F-1B9E-4AC7-9C81-B5523D696C64}.Debug|Any CPU.ActiveCfg = Debug|Any CPU
		{145DFE2F-1B9E-4AC7-9C81-B5523D696C64}.Debug|Any CPU.Build.0 = Debug|Any CPU
		{145DFE2F-1B9E-4AC7-9C81-B5523D696C64}.Release|Any CPU.ActiveCfg = Release|Any CPU
		{145DFE2F-1B9E-4AC7-9C81-B5523D696C64}.Release|Any CPU.Build.0 = Release|Any CPU
		{0377848A-B946-4AAA-A16D-9A105FA143DD}.Debug|Any CPU.ActiveCfg = Debug|Any CPU
		{0377848A-B946-4AAA-A16D-9A105FA143DD}.Debug|Any CPU.Build.0 = Debug|Any CPU
		{0377848A-B946-4AAA-A16D-9A105FA143DD}.Release|Any CPU.ActiveCfg = Release|Any CPU
		{0377848A-B946-4AAA-A16D-9A105FA143DD}.Release|Any CPU.Build.0 = Release|Any CPU
		{8DF91B1F-5408-409C-9CA8-C5E224E08EF7}.Debug|Any CPU.ActiveCfg = Debug|Any CPU
		{8DF91B1F-5408-409C-9CA8-C5E224E08EF7}.Debug|Any CPU.Build.0 = Debug|Any CPU
		{8DF91B1F-5408-409C-9CA8-C5E224E08EF7}.Release|Any CPU.ActiveCfg = Release|Any CPU
		{8DF91B1F-5408-409C-9CA8-C5E224E08EF7}.Release|Any CPU.Build.0 = Release|Any CPU
		{088D12F0-8861-47A3-AE6B-9DE40E966E84}.Debug|Any CPU.ActiveCfg = Debug|Any CPU
		{088D12F0-8861-47A3-AE6B-9DE40E966E84}.Debug|Any CPU.Build.0 = Debug|Any CPU
		{088D12F0-8861-47A3-AE6B-9DE40E966E84}.Release|Any CPU.ActiveCfg = Release|Any CPU
		{088D12F0-8861-47A3-AE6B-9DE40E966E84}.Release|Any CPU.Build.0 = Release|Any CPU
		{5FBA18FC-DEDC-4F64-BF6B-35A27E95D8FB}.Debug|Any CPU.ActiveCfg = Debug|Any CPU
		{5FBA18FC-DEDC-4F64-BF6B-35A27E95D8FB}.Debug|Any CPU.Build.0 = Debug|Any CPU
		{5FBA18FC-DEDC-4F64-BF6B-35A27E95D8FB}.Release|Any CPU.ActiveCfg = Release|Any CPU
		{5FBA18FC-DEDC-4F64-BF6B-35A27E95D8FB}.Release|Any CPU.Build.0 = Release|Any CPU
		{F5DA0E26-F0BA-468B-BE68-656B0B80BE89}.Debug|Any CPU.ActiveCfg = Debug|Any CPU
		{F5DA0E26-F0BA-468B-BE68-656B0B80BE89}.Debug|Any CPU.Build.0 = Debug|Any CPU
		{F5DA0E26-F0BA-468B-BE68-656B0B80BE89}.Release|Any CPU.ActiveCfg = Release|Any CPU
		{F5DA0E26-F0BA-468B-BE68-656B0B80BE89}.Release|Any CPU.Build.0 = Release|Any CPU
		{107621F4-EA47-451B-B2B0-9A7B90376044}.Debug|Any CPU.ActiveCfg = Debug|Any CPU
		{107621F4-EA47-451B-B2B0-9A7B90376044}.Debug|Any CPU.Build.0 = Debug|Any CPU
		{107621F4-EA47-451B-B2B0-9A7B90376044}.Release|Any CPU.ActiveCfg = Release|Any CPU
		{107621F4-EA47-451B-B2B0-9A7B90376044}.Release|Any CPU.Build.0 = Release|Any CPU
	EndGlobalSection
	GlobalSection(SolutionProperties) = preSolution
		HideSolutionNode = FALSE
	EndGlobalSection
	GlobalSection(NestedProjects) = preSolution
		{13357597-8CA4-4A74-86A7-FE524A585481} = {A5AACC96-DF10-43C7-B712-7EE556B55990}
		{97C255C9-5D1C-410D-B3BD-38A91918AA73} = {BC1B1934-12A2-41FC-814C-82F39362ADF3}
		{531F5E05-DE69-4F86-90C4-EC047604F905} = {A5AACC96-DF10-43C7-B712-7EE556B55990}
		{B6BFEA27-57DA-482C-9122-F483D2B2A5C6} = {A5AACC96-DF10-43C7-B712-7EE556B55990}
		{145DFE2F-1B9E-4AC7-9C81-B5523D696C64} = {A5AACC96-DF10-43C7-B712-7EE556B55990}
		{0377848A-B946-4AAA-A16D-9A105FA143DD} = {B45E47A6-6B86-4710-9542-CC9065BFFB80}
		{8DF91B1F-5408-409C-9CA8-C5E224E08EF7} = {A5AACC96-DF10-43C7-B712-7EE556B55990}
		{088D12F0-8861-47A3-AE6B-9DE40E966E84} = {A5AACC96-DF10-43C7-B712-7EE556B55990}
		{5FBA18FC-DEDC-4F64-BF6B-35A27E95D8FB} = {A5AACC96-DF10-43C7-B712-7EE556B55990}
		{F5DA0E26-F0BA-468B-BE68-656B0B80BE89} = {CB034FAE-580F-4278-AE37-CAE03A3D8331}
		{107621F4-EA47-451B-B2B0-9A7B90376044} = {C5193346-BD1C-47FE-A800-D9FFE4E254A6}
	EndGlobalSection
	GlobalSection(ExtensibilityGlobals) = postSolution
		SolutionGuid = {AC8E6752-40B8-4064-94A5-8C3CC43234D5}
	EndGlobalSection
EndGlobal
